<?xml version="1.0" encoding="utf-8"?>
<Project ToolsVersion="4.0" xmlns="http://schemas.microsoft.com/developer/msbuild/2003">
  <ItemGroup>
    <Filter Include="Source Files">
      <UniqueIdentifier>{4FC737F1-C7A5-4376-A066-2A32D752A2FF}</UniqueIdentifier>
      <Extensions>cpp;c;cc;cxx;def;odl;idl;hpj;bat;asm;asmx</Extensions>
    </Filter>
    <Filter Include="Header Files">
      <UniqueIdentifier>{93995380-89BD-4b04-88EB-625FBE52EBFB}</UniqueIdentifier>
      <Extensions>h;hpp;hxx;hm;inl;inc;xsd</Extensions>
    </Filter>
    <Filter Include="Documentation">
      <UniqueIdentifier>{fbb1c650-ebac-4f35-beef-5c319f3f8dd4}</UniqueIdentifier>
    </Filter>
    <Filter Include="Resources">
      <UniqueIdentifier>{c3be9e60-600c-47e6-af88-c4c475ef7eed}</UniqueIdentifier>
    </Filter>
  </ItemGroup>
  <ItemGroup>
    <ClCompile Include="BasicForkJoinTest.cpp">
      <Filter>Source Files</Filter>
    </ClCompile>
    <ClCompile Include="BasicStateMachineTest.cpp">
      <Filter>Source Files</Filter>
    </ClCompile>
    <ClCompile Include="ChoiceStateTest.cpp">
      <Filter>Source Files</Filter>
    </ClCompile>
    <ClCompile Include="ContextSwitchTest.cpp">
      <Filter>Source Files</Filter>
    </ClCompile>
    <ClCompile Include="ContinuouslyRunningTest.cpp">
      <Filter>Source Files</Filter>
    </ClCompile>
    <ClCompile Include="DeepHistoryReEntryTest.cpp">
      <Filter>Source Files</Filter>
    </ClCompile>
    <ClCompile Include="DeepHistoryTest.cpp">
      <Filter>Source Files</Filter>
    </ClCompile>
    <ClCompile Include="DocumentLoadTest.cpp">
      <Filter>Source Files</Filter>
    </ClCompile>
    <ClCompile Include="DocumentNavigationTest.cpp">
      <Filter>Source Files</Filter>
    </ClCompile>
    <ClCompile Include="ExceptionHandlingTest.cpp">
      <Filter>Source Files</Filter>
    </ClCompile>
    <ClCompile Include="ExtendedRunTest.cpp">
      <Filter>Source Files</Filter>
    </ClCompile>
    <ClCompile Include="ForkJoinToForkJoinTransitionTest.cpp">
      <Filter>Source Files</Filter>
    </ClCompile>
    <ClCompile Include="MemoryLeakTest.cpp">
      <Filter>Source Files</Filter>
    </ClCompile>
    <ClCompile Include="MultipleStateMachineStressTest.cpp">
      <Filter>Source Files</Filter>
    </ClCompile>
    <ClCompile Include="MultipleTriggersOnTransitionTest.cpp">
      <Filter>Source Files</Filter>
    </ClCompile>
    <ClCompile Include="ShallowHistoryTest.cpp">
      <Filter>Source Files</Filter>
    </ClCompile>
    <ClCompile Include="StateMachineDeleteTest.cpp">
      <Filter>Source Files</Filter>
    </ClCompile>
    <ClCompile Include="StateMachineRestartTest.cpp">
      <Filter>Source Files</Filter>
    </ClCompile>
    <ClCompile Include="StrategyTest.cpp">
      <Filter>Source Files</Filter>
    </ClCompile>
    <ClCompile Include="TestHarness.cpp">
      <Filter>Source Files</Filter>
    </ClCompile>
    <ClCompile Include="TestInterface.cpp">
      <Filter>Source Files</Filter>
    </ClCompile>
    <ClCompile Include="TestMain.cpp">
      <Filter>Source Files</Filter>
    </ClCompile>
    <ClCompile Include="ThreadCreationTest.cpp">
      <Filter>Source Files</Filter>
    </ClCompile>
    <ClCompile Include="TimerAccuracyTest.cpp">
      <Filter>Source Files</Filter>
    </ClCompile>
    <ClCompile Include="TimerGetTimeTest.cpp">
      <Filter>Source Files</Filter>
    </ClCompile>
    <ClCompile Include="TimerObservedTimeGapTest.cpp">
      <Filter>Source Files</Filter>
    </ClCompile>
    <ClCompile Include="TimerResolutionTest.cpp">
      <Filter>Source Files</Filter>
    </ClCompile>
    <ClCompile Include="TraceAddTest.cpp">
      <Filter>Source Files</Filter>
    </ClCompile>
    <ClCompile Include="TransitionOrderTest.cpp">
      <Filter>Source Files</Filter>
    </ClCompile>
    <ClCompile Include="TrivialStateMachineTest.cpp">
      <Filter>Source Files</Filter>
    </ClCompile>
  </ItemGroup>
  <ItemGroup>
    <ClInclude Include="BasicForkJoinTest.h">
      <Filter>Header Files</Filter>
    </ClInclude>
    <ClInclude Include="BasicStateMachineTest.h">
      <Filter>Header Files</Filter>
    </ClInclude>
    <ClInclude Include="ChoiceStateTest.h">
      <Filter>Header Files</Filter>
    </ClInclude>
    <ClInclude Include="ContextSwitchTest.h">
      <Filter>Header Files</Filter>
    </ClInclude>
    <ClInclude Include="ContinuouslyRunningTest.h">
      <Filter>Header Files</Filter>
    </ClInclude>
    <ClInclude Include="DeepHistoryReEntryTest.h">
      <Filter>Header Files</Filter>
    </ClInclude>
    <ClInclude Include="DeepHistoryTest.h">
      <Filter>Header Files</Filter>
    </ClInclude>
    <ClInclude Include="DocumentLoadTest.h">
      <Filter>Header Files</Filter>
    </ClInclude>
    <ClInclude Include="DocumentNavigationTest.h">
      <Filter>Header Files</Filter>
    </ClInclude>
    <ClInclude Include="ExceptionHandlingTest.h">
      <Filter>Header Files</Filter>
    </ClInclude>
    <ClInclude Include="ExtendedRunTest.h">
      <Filter>Header Files</Filter>
    </ClInclude>
    <ClInclude Include="ForkJoinToForkJoinTransitionTest.h">
      <Filter>Header Files</Filter>
    </ClInclude>
    <ClInclude Include="MemoryLeakTest.h">
      <Filter>Header Files</Filter>
    </ClInclude>
    <ClInclude Include="MultipleStateMachineStressTest.h">
      <Filter>Header Files</Filter>
    </ClInclude>
    <ClInclude Include="MultipleTriggersOnTransitionTest.h">
      <Filter>Header Files</Filter>
    </ClInclude>
    <ClInclude Include="ShallowHistoryTest.h">
      <Filter>Header Files</Filter>
    </ClInclude>
    <ClInclude Include="StateMachineDeleteTest.h">
      <Filter>Header Files</Filter>
    </ClInclude>
    <ClInclude Include="StateMachineRestartTest.h">
      <Filter>Header Files</Filter>
    </ClInclude>
    <ClInclude Include="StrategyTest.h">
      <Filter>Header Files</Filter>
    </ClInclude>
    <ClInclude Include="TestHarness.h">
      <Filter>Header Files</Filter>
    </ClInclude>
    <ClInclude Include="TestInterface.h">
      <Filter>Header Files</Filter>
    </ClInclude>
    <ClInclude Include="TestMain.h">
      <Filter>Header Files</Filter>
    </ClInclude>
    <ClInclude Include="ThreadCreationTest.h">
      <Filter>Header Files</Filter>
    </ClInclude>
    <ClInclude Include="TimerAccuracyTest.h">
      <Filter>Header Files</Filter>
    </ClInclude>
    <ClInclude Include="TimerGetTimeTest.h">
      <Filter>Header Files</Filter>
    </ClInclude>
    <ClInclude Include="TimerObservedTimeGapTest.h">
      <Filter>Header Files</Filter>
    </ClInclude>
    <ClInclude Include="TimerResolutionTest.h">
      <Filter>Header Files</Filter>
    </ClInclude>
    <ClInclude Include="TraceAddTest.h">
      <Filter>Header Files</Filter>
    </ClInclude>
    <ClInclude Include="TransitionOrderTest.h">
      <Filter>Header Files</Filter>
    </ClInclude>
    <ClInclude Include="TrivialStateMachineTest.h">
      <Filter>Header Files</Filter>
    </ClInclude>
  </ItemGroup>
  <ItemGroup>
    <CustomBuild Include="Documentation\BasicForkJoinTest.vsd">
      <Filter>Documentation</Filter>
    </CustomBuild>
    <CustomBuild Include="Documentation\BasicStateMachineTest.vsd">
      <Filter>Documentation</Filter>
    </CustomBuild>
    <CustomBuild Include="Documentation\ChoiceStateTest.vsd">
      <Filter>Documentation</Filter>
    </CustomBuild>
    <CustomBuild Include="Documentation\ContinuouslyRunningTest.vsd">
      <Filter>Documentation</Filter>
    </CustomBuild>
    <CustomBuild Include="Documentation\DeepHistoryReEntryTest.vsd">
      <Filter>Documentation</Filter>
    </CustomBuild>
    <CustomBuild Include="Documentation\DeepHistoryTest.vsd">
      <Filter>Documentation</Filter>
    </CustomBuild>
    <CustomBuild Include="Documentation\ExceptionHandlingTest.vsd">
      <Filter>Documentation</Filter>
    </CustomBuild>
    <CustomBuild Include="Documentation\ExtendedRunTest.vsd">
      <Filter>Documentation</Filter>
    </CustomBuild>
    <CustomBuild Include="Documentation\ForkJoinToForkJoinTransitionTest.vsd">
      <Filter>Documentation</Filter>
    </CustomBuild>
    <CustomBuild Include="Documentation\MultipleTriggersOnTransitionTest.vsd">
      <Filter>Documentation</Filter>
    </CustomBuild>
    <CustomBuild Include="Documentation\ShallowHistoryTest.vsd">
      <Filter>Documentation</Filter>
    </CustomBuild>
    <CustomBuild Include="Documentation\StateMachineRestartTest.vsd">
      <Filter>Documentation</Filter>
    </CustomBuild>
    <CustomBuild Include="Documentation\StrategyTest.vsd">
      <Filter>Documentation</Filter>
    </CustomBuild>
    <CustomBuild Include="Documentation\TransitionOrderTest.vsd">
      <Filter>Documentation</Filter>
    </CustomBuild>
    <CustomBuild Include="InvalidTest.xml">
      <Filter>Resources</Filter>
    </CustomBuild>
    <CustomBuild Include="ValidTest.xml">
      <Filter>Resources</Filter>
    </CustomBuild>
  </ItemGroup>
</Project>